
Microsoft Visual Studio Solution File, Format Version 12.00
# Visual Studio 15
VisualStudioVersion = 15.0.28307.1401
MinimumVisualStudioVersion = 10.0.40219.1
Project("{8BC9CEB8-8B4A-11D0-8D11-00A0C91BC942}") = "STLSort_Fun_how_use", "STLSort_Fun_how_use\STLSort_Fun_how_use.vcxproj", "{FA5A7F9C-02F2-4507-8809-295E27FEEABD}"
EndProject
Global
	GlobalSection(SolutionConfigurationPlatforms) = preSolution
		Debug|x64 = Debug|x64
		Debug|x86 = Debug|x86
		Release|x64 = Release|x64
		Release|x86 = Release|x86
	EndGlobalSection
	GlobalSection(ProjectConfigurationPlatforms) = postSolution
		{FA5A7F9C-02F2-4507-8809-295E27FEEABD}.Debug|x64.ActiveCfg = Debug|x64
		{FA5A7F9C-02F2-4507-8809-295E27FEEABD}.Debug|x64.Build.0 = Debug|x64
		{FA5A7F9C-02F2-4507-8809-295E27FEEABD}.Debug|x86.ActiveCfg = Debug|Win32
		{FA5A7F9C-02F2-4507-8809-295E27FEEABD}.Debug|x86.Build.0 = Debug|Win32
		{FA5A7F9C-02F2-4507-8809-295E27FEEABD}.Release|x64.ActiveCfg = Release|x64
		{FA5A7F9C-02F2-4507-8809-295E27FEEABD}.Release|x64.Build.0 = Release|x64
		{FA5A7F9C-02F2-4507-8809-295E27FEEABD}.Release|x86.ActiveCfg = Release|Win32
		{FA5A7F9C-02F2-4507-8809-295E27FEEABD}.Release|x86.Build.0 = Release|Win32
	EndGlobalSection
	GlobalSection(SolutionProperties) = preSolution
		HideSolutionNode = FALSE
	EndGlobalSection
	GlobalSection(ExtensibilityGlobals) = postSolution
		SolutionGuid = {074E0C0E-002C-4974-821F-D80B92CE26CA}
	EndGlobalSection
EndGlobal
